# Runtime dependencies tested on Windows 11 / Python 3.12.10.
# Install this before `pip install --no-deps -e .`.
beautifulsoup4==4.15.0
soupsieve==2.10
typing_extensions==4.16.0
openpyxl==3.1.5
et_xmlfile==2.0.0
defusedxml==0.7.1
fastapi==0.143.0
uvicorn==0.54.0
starlette==1.7.0
pydantic==2.14.0
pydantic_core==2.50.0
annotated-types==0.8.0
annotated-doc==0.0.5
typing-inspection==0.4.4
anyio==4.15.1
idna==3.20
click==8.5.0
h11==0.16.0
opentelemetry-api==1.45.1
colorama==0.4.6; sys_platform == 'win32'
